
Microsoft Visual Studio Solution File, Format Version 12.00
Project("{FAE04EC0-301F-11D3-BF4B-00C04F79EFBC}") = "AvaloniaServerTest", "AvaloniaServerTest\AvaloniaServerTest.csproj", "{BE8F9BDE-84D5-426C-840E-7787F541377E}"
EndProject
Global
	GlobalSection(SolutionConfigurationPlatforms) = preSolution
		Debug|Any CPU = Debug|Any CPU
		Release|Any CPU = Release|Any CPU
	EndGlobalSection
	GlobalSection(ProjectConfigurationPlatforms) = postSolution
		{BE8F9BDE-84D5-426C-840E-7787F541377E}.Debug|Any CPU.ActiveCfg = Debug|Any CPU
		{BE8F9BDE-84D5-426C-840E-7787F541377E}.Debug|Any CPU.Build.0 = Debug|Any CPU
		{BE8F9BDE-84D5-426C-840E-7787F541377E}.Release|Any CPU.ActiveCfg = Release|Any CPU
		{BE8F9BDE-84D5-426C-840E-7787F541377E}.Release|Any CPU.Build.0 = Release|Any CPU
	EndGlobalSection
EndGlobal
